
Microsoft Visual Studio Solution File, Format Version 12.00
# Visual Studio 15
VisualStudioVersion = 15.0.26403.3
MinimumVisualStudioVersion = 10.0.40219.1
Project("{FAE04EC0-301F-11D3-BF4B-00C04F79EFBC}") = "PipelineApp", "PipelineApp\PipelineApp.csproj", "{D4FB039C-611B-4DB0-9B6B-BAD5263990C0}"
EndProject
Project("{FAE04EC0-301F-11D3-BF4B-00C04F79EFBC}") = "PipelineFramework", "PipelineFramework\PipelineFramework.csproj", "{1818D229-0634-483F-AF07-BC432815F5FB}"
EndProject
Global
	GlobalSection(SolutionConfigurationPlatforms) = preSolution
		Debug|Any CPU = Debug|Any CPU
		Release|Any CPU = Release|Any CPU
	EndGlobalSection
	GlobalSection(ProjectConfigurationPlatforms) = postSolution
		{D4FB039C-611B-4DB0-9B6B-BAD5263990C0}.Debug|Any CPU.ActiveCfg = Debug|Any CPU
		{D4FB039C-611B-4DB0-9B6B-BAD5263990C0}.Debug|Any CPU.Build.0 = Debug|Any CPU
		{D4FB039C-611B-4DB0-9B6B-BAD5263990C0}.Release|Any CPU.ActiveCfg = Release|Any CPU
		{D4FB039C-611B-4DB0-9B6B-BAD5263990C0}.Release|Any CPU.Build.0 = Release|Any CPU
		{1818D229-0634-483F-AF07-BC432815F5FB}.Debug|Any CPU.ActiveCfg = Debug|Any CPU
		{1818D229-0634-483F-AF07-BC432815F5FB}.Debug|Any CPU.Build.0 = Debug|Any CPU
		{1818D229-0634-483F-AF07-BC432815F5FB}.Release|Any CPU.ActiveCfg = Release|Any CPU
		{1818D229-0634-483F-AF07-BC432815F5FB}.Release|Any CPU.Build.0 = Release|Any CPU
	EndGlobalSection
	GlobalSection(SolutionProperties) = preSolution
		HideSolutionNode = FALSE
	EndGlobalSection
EndGlobal
